Microsoft Visual Studio Solution File, Format Version 12.00
# Visual Studio Version 17
VisualStudioVersion = 17.5.2.0
MinimumVisualStudioVersion = 10.0.40219.1
Project("{FAE04EC0-301F-11D3-BF4B-00C04F79EFBC}") = "NotatApp", "NotatApp.csproj", "{DBA9F901-3920-C164-F3F5-B26BC008605C}"
EndProject
Global
	GlobalSection(SolutionConfigurationPlatforms) = preSolution
		Debug|Any CPU = Debug|Any CPU
		Release|Any CPU = Release|Any CPU
	EndGlobalSection
	GlobalSection(ProjectConfigurationPlatforms) = postSolution
		{DBA9F901-3920-C164-F3F5-B26BC008605C}.Debug|Any CPU.ActiveCfg = Debug|Any CPU
		{DBA9F901-3920-C164-F3F5-B26BC008605C}.Debug|Any CPU.Build.0 = Debug|Any CPU
		{DBA9F901-3920-C164-F3F5-B26BC008605C}.Release|Any CPU.ActiveCfg = Release|Any CPU
		{DBA9F901-3920-C164-F3F5-B26BC008605C}.Release|Any CPU.Build.0 = Release|Any CPU
	EndGlobalSection
	GlobalSection(SolutionProperties) = preSolution
		HideSolutionNode = FALSE
	EndGlobalSection
	GlobalSection(ExtensibilityGlobals) = postSolution
		SolutionGuid = {510D49FD-D928-4BD8-AB1A-7958CB890DC2}
	EndGlobalSection
EndGlobal
